{
  "requires": true,
  "lockfileVersion": 1,
  "dependencies": {
    "cldr-core": {
      "version": "36.0.0",
      "resolved": "https://registry.npmjs.org/cldr-core/-/cldr-core-36.0.0.tgz",
      "integrity": "sha512-QLnAjt20rZe38c8h8OJ9jPND+O4o5O8Nw0TK/P3KpNn1cmOhMu0rk6Kc3ap96c5OStQ9gAngs9+Be2sum26NOw=="
    }
  }
}
